<?xml version="1.0" encoding="UTF-8"?>
<!DOCTYPE plist PUBLIC "-//Apple//DTD PLIST 1.0//EN" "http://www.apple.com/DTDs/PropertyList-1.0.dtd">
<plist version="1.0">
<dict>
	<key>archiveVersion</key>
	<string>1</string>
	<key>classes</key>
	<dict/>
	<key>objectVersion</key>
	<string>46</string>
	<key>objects</key>
	<dict>
		<key>294A1D0417199537005BF6B1</key>
		<dict>
			<key>children</key>
			<array>
				<string>294A1D1617199537005BF6B1</string>
				<string>294A1D0F17199537005BF6B1</string>
				<string>294A1D0E17199537005BF6B1</string>
				<string>C813C6F26E374140B25E4B52</string>
			</array>
			<key>isa</key>
			<string>PBXGroup</string>
			<key>sourceTree</key>
			<string>&lt;group&gt;</string>
		</dict>
		<key>294A1D0517199537005BF6B1</key>
		<dict>
			<key>attributes</key>
			<dict>
				<key>CLASSPREFIX</key>
				<string>MM</string>
				<key>LastUpgradeCheck</key>
				<string>0460</string>
				<key>ORGANIZATIONNAME</key>
				<string>Mutual Mobile</string>
			</dict>
			<key>buildConfigurationList</key>
			<string>294A1D0817199537005BF6B1</string>
			<key>compatibilityVersion</key>
			<string>Xcode 3.2</string>
			<key>developmentRegion</key>
			<string>English</string>
			<key>hasScannedForEncodings</key>
			<string>0</string>
			<key>isa</key>
			<string>PBXProject</string>
			<key>knownRegions</key>
			<array>
				<string>en</string>
			</array>
			<key>mainGroup</key>
			<string>294A1D0417199537005BF6B1</string>
			<key>productRefGroup</key>
			<string>294A1D0E17199537005BF6B1</string>
			<key>projectDirPath</key>
			<string></string>
			<key>projectReferences</key>
			<array/>
			<key>projectRoot</key>
			<string></string>
			<key>targets</key>
			<array>
				<string>294A1D0C17199537005BF6B1</string>
			</array>
		</dict>
		<key>294A1D0817199537005BF6B1</key>
		<dict>
			<key>buildConfigurations</key>
			<array>
				<string>294A1D2817199537005BF6B1</string>
				<string>294A1D2917199537005BF6B1</string>
			</array>
			<key>defaultConfigurationIsVisible</key>
			<string>0</string>
			<key>defaultConfigurationName</key>
			<string>Release</string>
			<key>isa</key>
			<string>XCConfigurationList</string>
		</dict>
		<key>294A1D0917199537005BF6B1</key>
		<dict>
			<key>buildActionMask</key>
			<string>2147483647</string>
			<key>files</key>
			<array>
				<string>294A1D1D17199537005BF6B1</string>
				<string>294A1D2117199537005BF6B1</string>
				<string>29C28487172B07C10089E872</string>
				<string>29C2848D172EB1710089E872</string>
				<string>29848B5F173015D3006D8502</string>
				<string>29848B6517301793006D8502</string>
				<string>29CFD5EF1731C7DB00E1FABB</string>
				<string>297EA0051738112A00472DF4</string>
				<string>2969636C1738141500281B9A</string>
				<string>299E0ADD1738173B009FAA3C</string>
				<string>2961190717383AFC00CD4063</string>
				<string>2961190A1738416400CD4063</string>
			</array>
			<key>isa</key>
			<string>PBXSourcesBuildPhase</string>
			<key>runOnlyForDeploymentPostprocessing</key>
			<string>0</string>
		</dict>
		<key>294A1D0A17199537005BF6B1</key>
		<dict>
			<key>buildActionMask</key>
			<string>2147483647</string>
			<key>files</key>
			<array>
				<string>29C28481172AD77D0089E872</string>
				<string>294A1D1117199537005BF6B1</string>
				<string>294A1D1317199537005BF6B1</string>
				<string>294A1D1517199537005BF6B1</string>
				<string>345118D7F30C4717A11CF845</string>
			</array>
			<key>isa</key>
			<string>PBXFrameworksBuildPhase</string>
			<key>runOnlyForDeploymentPostprocessing</key>
			<string>0</string>
		</dict>
		<key>294A1D0B17199537005BF6B1</key>
		<dict>
			<key>buildActionMask</key>
			<string>2147483647</string>
			<key>files</key>
			<array>
				<string>294A1D1B17199537005BF6B1</string>
				<string>294A1D2317199537005BF6B1</string>
				<string>294A1D2517199537005BF6B1</string>
				<string>294A1D2717199537005BF6B1</string>
				<string>29E2C6181738A10F00606309</string>
				<string>29E2C6191738A10F00606309</string>
				<string>29E2C61A1738A10F00606309</string>
				<string>29E2C61B1738A10F00606309</string>
				<string>C5183948175538D2008CEC62</string>
				<string>C53C8CFC1755458000025065</string>
				<string>C542E62B17BBF95000E856A0</string>
			</array>
			<key>isa</key>
			<string>PBXResourcesBuildPhase</string>
			<key>runOnlyForDeploymentPostprocessing</key>
			<string>0</string>
		</dict>
		<key>294A1D0C17199537005BF6B1</key>
		<dict>
			<key>buildConfigurationList</key>
			<string>294A1D2A17199537005BF6B1</string>
			<key>buildPhases</key>
			<array>
				<string>FA8ABC1A9DBB436E86CECEE3</string>
				<string>294A1D0917199537005BF6B1</string>
				<string>294A1D0A17199537005BF6B1</string>
				<string>294A1D0B17199537005BF6B1</string>
				<string>71D1437E2927458FB8915823</string>
			</array>
			<key>buildRules</key>
			<array/>
			<key>dependencies</key>
			<array/>
			<key>isa</key>
			<string>PBXNativeTarget</string>
			<key>name</key>
			<string>MMDrawerControllerKitchenSinkStoryboard</string>
			<key>productName</key>
			<string>MMSideDrawerContainerViewController</string>
			<key>productReference</key>
			<string>294A1D0D17199537005BF6B1</string>
			<key>productType</key>
			<string>com.apple.product-type.application</string>
		</dict>
		<key>294A1D0D17199537005BF6B1</key>
		<dict>
			<key>explicitFileType</key>
			<string>wrapper.application</string>
			<key>includeInIndex</key>
			<string>0</string>
			<key>isa</key>
			<string>PBXFileReference</string>
			<key>path</key>
			<string>MMDrawerControllerKitchenSinkStoryboard.app</string>
			<key>sourceTree</key>
			<string>BUILT_PRODUCTS_DIR</string>
		</dict>
		<key>294A1D0E17199537005BF6B1</key>
		<dict>
			<key>children</key>
			<array>
				<string>294A1D0D17199537005BF6B1</string>
			</array>
			<key>isa</key>
			<string>PBXGroup</string>
			<key>name</key>
			<string>Products</string>
			<key>sourceTree</key>
			<string>&lt;group&gt;</string>
		</dict>
		<key>294A1D0F17199537005BF6B1</key>
		<dict>
			<key>children</key>
			<array>
				<string>29C28480172AD77D0089E872</string>
				<string>294A1D1017199537005BF6B1</string>
				<string>294A1D1217199537005BF6B1</string>
				<string>294A1D1417199537005BF6B1</string>
				<string>E0C2F44CFCDB4CC8A34EB2B5</string>
			</array>
			<key>isa</key>
			<string>PBXGroup</string>
			<key>name</key>
			<string>Frameworks</string>
			<key>sourceTree</key>
			<string>&lt;group&gt;</string>
		</dict>
		<key>294A1D1017199537005BF6B1</key>
		<dict>
			<key>isa</key>
			<string>PBXFileReference</string>
			<key>lastKnownFileType</key>
			<string>wrapper.framework</string>
			<key>name</key>
			<string>UIKit.framework</string>
			<key>path</key>
			<string>System/Library/Frameworks/UIKit.framework</string>
			<key>sourceTree</key>
			<string>SDKROOT</string>
		</dict>
		<key>294A1D1117199537005BF6B1</key>
		<dict>
			<key>fileRef</key>
			<string>294A1D1017199537005BF6B1</string>
			<key>isa</key>
			<string>PBXBuildFile</string>
		</dict>
		<key>294A1D1217199537005BF6B1</key>
		<dict>
			<key>isa</key>
			<string>PBXFileReference</string>
			<key>lastKnownFileType</key>
			<string>wrapper.framework</string>
			<key>name</key>
			<string>Foundation.framework</string>
			<key>path</key>
			<string>System/Library/Frameworks/Foundation.framework</string>
			<key>sourceTree</key>
			<string>SDKROOT</string>
		</dict>
		<key>294A1D1317199537005BF6B1</key>
		<dict>
			<key>fileRef</key>
			<string>294A1D1217199537005BF6B1</string>
			<key>isa</key>
			<string>PBXBuildFile</string>
		</dict>
		<key>294A1D1417199537005BF6B1</key>
		<dict>
			<key>isa</key>
			<string>PBXFileReference</string>
			<key>lastKnownFileType</key>
			<string>wrapper.framework</string>
			<key>name</key>
			<string>CoreGraphics.framework</string>
			<key>path</key>
			<string>System/Library/Frameworks/CoreGraphics.framework</string>
			<key>sourceTree</key>
			<string>SDKROOT</string>
		</dict>
		<key>294A1D1517199537005BF6B1</key>
		<dict>
			<key>fileRef</key>
			<string>294A1D1417199537005BF6B1</string>
			<key>isa</key>
			<string>PBXBuildFile</string>
		</dict>
		<key>294A1D1617199537005BF6B1</key>
		<dict>
			<key>children</key>
			<array>
				<string>C53C8CFA1755458000025065</string>
				<string>C5183945175538D2008CEC62</string>
				<string>294A1D1F17199537005BF6B1</string>
				<string>294A1D2017199537005BF6B1</string>
				<string>2961190E173845FD00CD4063</string>
				<string>2961190D173845EF00CD4063</string>
				<string>2961190C173845E000CD4063</string>
				<string>2961190B173845D100CD4063</string>
				<string>294A1D1717199537005BF6B1</string>
			</array>
			<key>isa</key>
			<string>PBXGroup</string>
			<key>path</key>
			<string>ExampleFiles</string>
			<key>sourceTree</key>
			<string>&lt;group&gt;</string>
		</dict>
		<key>294A1D1717199537005BF6B1</key>
		<dict>
			<key>children</key>
			<array>
				<string>29E2C6131738A10F00606309</string>
				<string>294A1D1817199537005BF6B1</string>
				<string>294A1D1917199537005BF6B1</string>
				<string>294A1D1C17199537005BF6B1</string>
				<string>294A1D1E17199537005BF6B1</string>
				<string>294A1D2217199537005BF6B1</string>
				<string>294A1D2417199537005BF6B1</string>
				<string>294A1D2617199537005BF6B1</string>
				<string>C542E62A17BBF95000E856A0</string>
			</array>
			<key>isa</key>
			<string>PBXGroup</string>
			<key>name</key>
			<string>Supporting Files</string>
			<key>sourceTree</key>
			<string>&lt;group&gt;</string>
		</dict>
		<key>294A1D1817199537005BF6B1</key>
		<dict>
			<key>isa</key>
			<string>PBXFileReference</string>
			<key>lastKnownFileType</key>
			<string>text.plist.xml</string>
			<key>path</key>
			<string>MMDrawerControllerKitchenSinkStoryboard-Info.plist</string>
			<key>sourceTree</key>
			<string>&lt;group&gt;</string>
		</dict>
		<key>294A1D1917199537005BF6B1</key>
		<dict>
			<key>children</key>
			<array>
				<string>294A1D1A17199537005BF6B1</string>
			</array>
			<key>isa</key>
			<string>PBXVariantGroup</string>
			<key>name</key>
			<string>InfoPlist.strings</string>
			<key>sourceTree</key>
			<string>&lt;group&gt;</string>
		</dict>
		<key>294A1D1A17199537005BF6B1</key>
		<dict>
			<key>isa</key>
			<string>PBXFileReference</string>
			<key>lastKnownFileType</key>
			<string>text.plist.strings</string>
			<key>name</key>
			<string>en</string>
			<key>path</key>
			<string>en.lproj/InfoPlist.strings</string>
			<key>sourceTree</key>
			<string>&lt;group&gt;</string>
		</dict>
		<key>294A1D1B17199537005BF6B1</key>
		<dict>
			<key>fileRef</key>
			<string>294A1D1917199537005BF6B1</string>
			<key>isa</key>
			<string>PBXBuildFile</string>
		</dict>
		<key>294A1D1C17199537005BF6B1</key>
		<dict>
			<key>isa</key>
			<string>PBXFileReference</string>
			<key>lastKnownFileType</key>
			<string>sourcecode.c.objc</string>
			<key>path</key>
			<string>main.m</string>
			<key>sourceTree</key>
			<string>&lt;group&gt;</string>
		</dict>
		<key>294A1D1D17199537005BF6B1</key>
		<dict>
			<key>fileRef</key>
			<string>294A1D1C17199537005BF6B1</string>
			<key>isa</key>
			<string>PBXBuildFile</string>
		</dict>
		<key>294A1D1E17199537005BF6B1</key>
		<dict>
			<key>isa</key>
			<string>PBXFileReference</string>
			<key>lastKnownFileType</key>
			<string>sourcecode.c.h</string>
			<key>path</key>
			<string>MMDrawerControllerKitchenSinkStoryboard-Prefix.pch</string>
			<key>sourceTree</key>
			<string>&lt;group&gt;</string>
		</dict>
		<key>294A1D1F17199537005BF6B1</key>
		<dict>
			<key>isa</key>
			<string>PBXFileReference</string>
			<key>lastKnownFileType</key>
			<string>sourcecode.c.h</string>
			<key>path</key>
			<string>MMAppDelegate.h</string>
			<key>sourceTree</key>
			<string>&lt;group&gt;</string>
		</dict>
		<key>294A1D2017199537005BF6B1</key>
		<dict>
			<key>isa</key>
			<string>PBXFileReference</string>
			<key>lastKnownFileType</key>
			<string>sourcecode.c.objc</string>
			<key>path</key>
			<string>MMAppDelegate.m</string>
			<key>sourceTree</key>
			<string>&lt;group&gt;</string>
		</dict>
		<key>294A1D2117199537005BF6B1</key>
		<dict>
			<key>fileRef</key>
			<string>294A1D2017199537005BF6B1</string>
			<key>isa</key>
			<string>PBXBuildFile</string>
		</dict>
		<key>294A1D2217199537005BF6B1</key>
		<dict>
			<key>isa</key>
			<string>PBXFileReference</string>
			<key>lastKnownFileType</key>
			<string>image.png</string>
			<key>path</key>
			<string>Default.png</string>
			<key>sourceTree</key>
			<string>&lt;group&gt;</string>
		</dict>
		<key>294A1D2317199537005BF6B1</key>
		<dict>
			<key>fileRef</key>
			<string>294A1D2217199537005BF6B1</string>
			<key>isa</key>
			<string>PBXBuildFile</string>
		</dict>
		<key>294A1D2417199537005BF6B1</key>
		<dict>
			<key>isa</key>
			<string>PBXFileReference</string>
			<key>lastKnownFileType</key>
			<string>image.png</string>
			<key>path</key>
			<string>Default@2x.png</string>
			<key>sourceTree</key>
			<string>&lt;group&gt;</string>
		</dict>
		<key>294A1D2517199537005BF6B1</key>
		<dict>
			<key>fileRef</key>
			<string>294A1D2417199537005BF6B1</string>
			<key>isa</key>
			<string>PBXBuildFile</string>
		</dict>
		<key>294A1D2617199537005BF6B1</key>
		<dict>
			<key>isa</key>
			<string>PBXFileReference</string>
			<key>lastKnownFileType</key>
			<string>image.png</string>
			<key>path</key>
			<string>Default-568h@2x.png</string>
			<key>sourceTree</key>
			<string>&lt;group&gt;</string>
		</dict>
		<key>294A1D2717199537005BF6B1</key>
		<dict>
			<key>fileRef</key>
			<string>294A1D2617199537005BF6B1</string>
			<key>isa</key>
			<string>PBXBuildFile</string>
		</dict>
		<key>294A1D2817199537005BF6B1</key>
		<dict>
			<key>buildSettings</key>
			<dict>
				<key>ALWAYS_SEARCH_USER_PATHS</key>
				<string>NO</string>
				<key>CLANG_CXX_LANGUAGE_STANDARD</key>
				<string>gnu++0x</string>
				<key>CLANG_CXX_LIBRARY</key>
				<string>libc++</string>
				<key>CLANG_ENABLE_OBJC_ARC</key>
				<string>YES</string>
				<key>CLANG_WARN_CONSTANT_CONVERSION</key>
				<string>YES</string>
				<key>CLANG_WARN_EMPTY_BODY</key>
				<string>YES</string>
				<key>CLANG_WARN_ENUM_CONVERSION</key>
				<string>YES</string>
				<key>CLANG_WARN_INT_CONVERSION</key>
				<string>YES</string>
				<key>CLANG_WARN__DUPLICATE_METHOD_MATCH</key>
				<string>YES</string>
				<key>CODE_SIGN_IDENTITY[sdk=iphoneos*]</key>
				<string>iPhone Developer</string>
				<key>COPY_PHASE_STRIP</key>
				<string>NO</string>
				<key>GCC_C_LANGUAGE_STANDARD</key>
				<string>gnu99</string>
				<key>GCC_DYNAMIC_NO_PIC</key>
				<string>NO</string>
				<key>GCC_OPTIMIZATION_LEVEL</key>
				<string>0</string>
				<key>GCC_PREPROCESSOR_DEFINITIONS</key>
				<array>
					<string>DEBUG=1</string>
					<string>$(inherited)</string>
				</array>
				<key>GCC_SYMBOLS_PRIVATE_EXTERN</key>
				<string>NO</string>
				<key>GCC_WARN_ABOUT_RETURN_TYPE</key>
				<string>YES</string>
				<key>GCC_WARN_UNINITIALIZED_AUTOS</key>
				<string>YES</string>
				<key>GCC_WARN_UNUSED_VARIABLE</key>
				<string>YES</string>
				<key>IPHONEOS_DEPLOYMENT_TARGET</key>
				<string>6.1</string>
				<key>ONLY_ACTIVE_ARCH</key>
				<string>YES</string>
				<key>SDKROOT</key>
				<string>iphoneos</string>
				<key>TARGETED_DEVICE_FAMILY</key>
				<string>1,2</string>
			</dict>
			<key>isa</key>
			<string>XCBuildConfiguration</string>
			<key>name</key>
			<string>Debug</string>
		</dict>
		<key>294A1D2917199537005BF6B1</key>
		<dict>
			<key>buildSettings</key>
			<dict>
				<key>ALWAYS_SEARCH_USER_PATHS</key>
				<string>NO</string>
				<key>CLANG_CXX_LANGUAGE_STANDARD</key>
				<string>gnu++0x</string>
				<key>CLANG_CXX_LIBRARY</key>
				<string>libc++</string>
				<key>CLANG_ENABLE_OBJC_ARC</key>
				<string>YES</string>
				<key>CLANG_WARN_CONSTANT_CONVERSION</key>
				<string>YES</string>
				<key>CLANG_WARN_EMPTY_BODY</key>
				<string>YES</string>
				<key>CLANG_WARN_ENUM_CONVERSION</key>
				<string>YES</string>
				<key>CLANG_WARN_INT_CONVERSION</key>
				<string>YES</string>
				<key>CLANG_WARN__DUPLICATE_METHOD_MATCH</key>
				<string>YES</string>
				<key>CODE_SIGN_IDENTITY[sdk=iphoneos*]</key>
				<string>iPhone Developer</string>
				<key>COPY_PHASE_STRIP</key>
				<string>YES</string>
				<key>GCC_C_LANGUAGE_STANDARD</key>
				<string>gnu99</string>
				<key>GCC_WARN_ABOUT_RETURN_TYPE</key>
				<string>YES</string>
				<key>GCC_WARN_UNINITIALIZED_AUTOS</key>
				<string>YES</string>
				<key>GCC_WARN_UNUSED_VARIABLE</key>
				<string>YES</string>
				<key>IPHONEOS_DEPLOYMENT_TARGET</key>
				<string>6.1</string>
				<key>OTHER_CFLAGS</key>
				<string>-DNS_BLOCK_ASSERTIONS=1</string>
				<key>SDKROOT</key>
				<string>iphoneos</string>
				<key>TARGETED_DEVICE_FAMILY</key>
				<string>1,2</string>
				<key>VALIDATE_PRODUCT</key>
				<string>YES</string>
			</dict>
			<key>isa</key>
			<string>XCBuildConfiguration</string>
			<key>name</key>
			<string>Release</string>
		</dict>
		<key>294A1D2A17199537005BF6B1</key>
		<dict>
			<key>buildConfigurations</key>
			<array>
				<string>294A1D2B17199537005BF6B1</string>
				<string>294A1D2C17199537005BF6B1</string>
			</array>
			<key>defaultConfigurationIsVisible</key>
			<string>0</string>
			<key>defaultConfigurationName</key>
			<string>Release</string>
			<key>isa</key>
			<string>XCConfigurationList</string>
		</dict>
		<key>294A1D2B17199537005BF6B1</key>
		<dict>
			<key>baseConfigurationReference</key>
			<string>C813C6F26E374140B25E4B52</string>
			<key>buildSettings</key>
			<dict>
				<key>GCC_PRECOMPILE_PREFIX_HEADER</key>
				<string>YES</string>
				<key>GCC_PREFIX_HEADER</key>
				<string>ExampleFiles/MMDrawerControllerKitchenSinkStoryboard-Prefix.pch</string>
				<key>INFOPLIST_FILE</key>
				<string>ExampleFiles/MMDrawerControllerKitchenSinkStoryboard-Info.plist</string>
				<key>IPHONEOS_DEPLOYMENT_TARGET</key>
				<string>5.0</string>
				<key>PRODUCT_NAME</key>
				<string>MMDrawerControllerKitchenSinkStoryboard</string>
				<key>WARNING_CFLAGS</key>
				<string>-Wdocumentation</string>
				<key>WRAPPER_EXTENSION</key>
				<string>app</string>
			</dict>
			<key>isa</key>
			<string>XCBuildConfiguration</string>
			<key>name</key>
			<string>Debug</string>
		</dict>
		<key>294A1D2C17199537005BF6B1</key>
		<dict>
			<key>baseConfigurationReference</key>
			<string>C813C6F26E374140B25E4B52</string>
			<key>buildSettings</key>
			<dict>
				<key>GCC_PRECOMPILE_PREFIX_HEADER</key>
				<string>YES</string>
				<key>GCC_PREFIX_HEADER</key>
				<string>ExampleFiles/MMDrawerControllerKitchenSinkStoryboard-Prefix.pch</string>
				<key>INFOPLIST_FILE</key>
				<string>ExampleFiles/MMDrawerControllerKitchenSinkStoryboard-Info.plist</string>
				<key>IPHONEOS_DEPLOYMENT_TARGET</key>
				<string>5.0</string>
				<key>PRODUCT_NAME</key>
				<string>MMDrawerControllerKitchenSinkStoryboard</string>
				<key>WARNING_CFLAGS</key>
				<string>-Wdocumentation</string>
				<key>WRAPPER_EXTENSION</key>
				<string>app</string>
			</dict>
			<key>isa</key>
			<string>XCBuildConfiguration</string>
			<key>name</key>
			<string>Release</string>
		</dict>
		<key>2961190517383AFC00CD4063</key>
		<dict>
			<key>fileEncoding</key>
			<string>4</string>
			<key>isa</key>
			<string>PBXFileReference</string>
			<key>lastKnownFileType</key>
			<string>sourcecode.c.h</string>
			<key>path</key>
			<string>MMLogoView.h</string>
			<key>sourceTree</key>
			<string>&lt;group&gt;</string>
		</dict>
		<key>2961190617383AFC00CD4063</key>
		<dict>
			<key>fileEncoding</key>
			<string>4</string>
			<key>isa</key>
			<string>PBXFileReference</string>
			<key>lastKnownFileType</key>
			<string>sourcecode.c.objc</string>
			<key>path</key>
			<string>MMLogoView.m</string>
			<key>sourceTree</key>
			<string>&lt;group&gt;</string>
		</dict>
		<key>2961190717383AFC00CD4063</key>
		<dict>
			<key>fileRef</key>
			<string>2961190617383AFC00CD4063</string>
			<key>isa</key>
			<string>PBXBuildFile</string>
		</dict>
		<key>296119081738416400CD4063</key>
		<dict>
			<key>fileEncoding</key>
			<string>4</string>
			<key>isa</key>
			<string>PBXFileReference</string>
			<key>lastKnownFileType</key>
			<string>sourcecode.c.h</string>
			<key>path</key>
			<string>MMCenterTableViewCell.h</string>
			<key>sourceTree</key>
			<string>&lt;group&gt;</string>
		</dict>
		<key>296119091738416400CD4063</key>
		<dict>
			<key>fileEncoding</key>
			<string>4</string>
			<key>isa</key>
			<string>PBXFileReference</string>
			<key>lastKnownFileType</key>
			<string>sourcecode.c.objc</string>
			<key>path</key>
			<string>MMCenterTableViewCell.m</string>
			<key>sourceTree</key>
			<string>&lt;group&gt;</string>
		</dict>
		<key>2961190A1738416400CD4063</key>
		<dict>
			<key>fileRef</key>
			<string>296119091738416400CD4063</string>
			<key>isa</key>
			<string>PBXBuildFile</string>
		</dict>
		<key>2961190B173845D100CD4063</key>
		<dict>
			<key>children</key>
			<array>
				<string>297EA0031738112A00472DF4</string>
				<string>297EA0041738112A00472DF4</string>
				<string>2969636A1738141500281B9A</string>
				<string>2969636B1738141500281B9A</string>
				<string>296119081738416400CD4063</string>
				<string>296119091738416400CD4063</string>
				<string>299E0ADB1738173B009FAA3C</string>
				<string>299E0ADC1738173B009FAA3C</string>
			</array>
			<key>isa</key>
			<string>PBXGroup</string>
			<key>name</key>
			<string>TableViewHelpers</string>
			<key>sourceTree</key>
			<string>&lt;group&gt;</string>
		</dict>
		<key>2961190C173845E000CD4063</key>
		<dict>
			<key>children</key>
			<array>
				<string>29C28485172B07C10089E872</string>
				<string>29C28486172B07C10089E872</string>
				<string>29C2848B172EB1710089E872</string>
				<string>29C2848C172EB1710089E872</string>
				<string>29848B5D173015D3006D8502</string>
				<string>29848B5E173015D3006D8502</string>
				<string>29848B6317301793006D8502</string>
				<string>29848B6417301793006D8502</string>
			</array>
			<key>isa</key>
			<string>PBXGroup</string>
			<key>name</key>
			<string>ViewControllers</string>
			<key>sourceTree</key>
			<string>&lt;group&gt;</string>
		</dict>
		<key>2961190D173845EF00CD4063</key>
		<dict>
			<key>children</key>
			<array>
				<string>2961190517383AFC00CD4063</string>
				<string>2961190617383AFC00CD4063</string>
			</array>
			<key>isa</key>
			<string>PBXGroup</string>
			<key>name</key>
			<string>CustomViews</string>
			<key>sourceTree</key>
			<string>&lt;group&gt;</string>
		</dict>
		<key>2961190E173845FD00CD4063</key>
		<dict>
			<key>children</key>
			<array>
				<string>29CFD5ED1731C7DB00E1FABB</string>
				<string>29CFD5EE1731C7DB00E1FABB</string>
			</array>
			<key>isa</key>
			<string>PBXGroup</string>
			<key>name</key>
			<string>VisualStateManager</string>
			<key>sourceTree</key>
			<string>&lt;group&gt;</string>
		</dict>
		<key>2969636A1738141500281B9A</key>
		<dict>
			<key>fileEncoding</key>
			<string>4</string>
			<key>isa</key>
			<string>PBXFileReference</string>
			<key>lastKnownFileType</key>
			<string>sourcecode.c.h</string>
			<key>path</key>
			<string>MMSideDrawerTableViewCell.h</string>
			<key>sourceTree</key>
			<string>&lt;group&gt;</string>
		</dict>
		<key>2969636B1738141500281B9A</key>
		<dict>
			<key>fileEncoding</key>
			<string>4</string>
			<key>isa</key>
			<string>PBXFileReference</string>
			<key>lastKnownFileType</key>
			<string>sourcecode.c.objc</string>
			<key>path</key>
			<string>MMSideDrawerTableViewCell.m</string>
			<key>sourceTree</key>
			<string>&lt;group&gt;</string>
		</dict>
		<key>2969636C1738141500281B9A</key>
		<dict>
			<key>fileRef</key>
			<string>2969636B1738141500281B9A</string>
			<key>isa</key>
			<string>PBXBuildFile</string>
		</dict>
		<key>297EA0031738112A00472DF4</key>
		<dict>
			<key>fileEncoding</key>
			<string>4</string>
			<key>isa</key>
			<string>PBXFileReference</string>
			<key>lastKnownFileType</key>
			<string>sourcecode.c.h</string>
			<key>path</key>
			<string>MMTableViewCell.h</string>
			<key>sourceTree</key>
			<string>&lt;group&gt;</string>
		</dict>
		<key>297EA0041738112A00472DF4</key>
		<dict>
			<key>fileEncoding</key>
			<string>4</string>
			<key>isa</key>
			<string>PBXFileReference</string>
			<key>lastKnownFileType</key>
			<string>sourcecode.c.objc</string>
			<key>path</key>
			<string>MMTableViewCell.m</string>
			<key>sourceTree</key>
			<string>&lt;group&gt;</string>
		</dict>
		<key>297EA0051738112A00472DF4</key>
		<dict>
			<key>fileRef</key>
			<string>297EA0041738112A00472DF4</string>
			<key>isa</key>
			<string>PBXBuildFile</string>
		</dict>
		<key>29848B5D173015D3006D8502</key>
		<dict>
			<key>fileEncoding</key>
			<string>4</string>
			<key>isa</key>
			<string>PBXFileReference</string>
			<key>lastKnownFileType</key>
			<string>sourcecode.c.h</string>
			<key>path</key>
			<string>MMExampleLeftSideDrawerViewController.h</string>
			<key>sourceTree</key>
			<string>&lt;group&gt;</string>
		</dict>
		<key>29848B5E173015D3006D8502</key>
		<dict>
			<key>fileEncoding</key>
			<string>4</string>
			<key>isa</key>
			<string>PBXFileReference</string>
			<key>lastKnownFileType</key>
			<string>sourcecode.c.objc</string>
			<key>path</key>
			<string>MMExampleLeftSideDrawerViewController.m</string>
			<key>sourceTree</key>
			<string>&lt;group&gt;</string>
		</dict>
		<key>29848B5F173015D3006D8502</key>
		<dict>
			<key>fileRef</key>
			<string>29848B5E173015D3006D8502</string>
			<key>isa</key>
			<string>PBXBuildFile</string>
		</dict>
		<key>29848B6317301793006D8502</key>
		<dict>
			<key>fileEncoding</key>
			<string>4</string>
			<key>isa</key>
			<string>PBXFileReference</string>
			<key>lastKnownFileType</key>
			<string>sourcecode.c.h</string>
			<key>path</key>
			<string>MMExampleRightSideDrawerViewController.h</string>
			<key>sourceTree</key>
			<string>&lt;group&gt;</string>
		</dict>
		<key>29848B6417301793006D8502</key>
		<dict>
			<key>fileEncoding</key>
			<string>4</string>
			<key>isa</key>
			<string>PBXFileReference</string>
			<key>lastKnownFileType</key>
			<string>sourcecode.c.objc</string>
			<key>path</key>
			<string>MMExampleRightSideDrawerViewController.m</string>
			<key>sourceTree</key>
			<string>&lt;group&gt;</string>
		</dict>
		<key>29848B6517301793006D8502</key>
		<dict>
			<key>fileRef</key>
			<string>29848B6417301793006D8502</string>
			<key>isa</key>
			<string>PBXBuildFile</string>
		</dict>
		<key>299E0ADB1738173B009FAA3C</key>
		<dict>
			<key>fileEncoding</key>
			<string>4</string>
			<key>isa</key>
			<string>PBXFileReference</string>
			<key>lastKnownFileType</key>
			<string>sourcecode.c.h</string>
			<key>path</key>
			<string>MMSideDrawerSectionHeaderView.h</string>
			<key>sourceTree</key>
			<string>&lt;group&gt;</string>
		</dict>
		<key>299E0ADC1738173B009FAA3C</key>
		<dict>
			<key>fileEncoding</key>
			<string>4</string>
			<key>isa</key>
			<string>PBXFileReference</string>
			<key>lastKnownFileType</key>
			<string>sourcecode.c.objc</string>
			<key>path</key>
			<string>MMSideDrawerSectionHeaderView.m</string>
			<key>sourceTree</key>
			<string>&lt;group&gt;</string>
		</dict>
		<key>299E0ADD1738173B009FAA3C</key>
		<dict>
			<key>fileRef</key>
			<string>299E0ADC1738173B009FAA3C</string>
			<key>isa</key>
			<string>PBXBuildFile</string>
		</dict>
		<key>29C28480172AD77D0089E872</key>
		<dict>
			<key>isa</key>
			<string>PBXFileReference</string>
			<key>lastKnownFileType</key>
			<string>wrapper.framework</string>
			<key>name</key>
			<string>QuartzCore.framework</string>
			<key>path</key>
			<string>System/Library/Frameworks/QuartzCore.framework</string>
			<key>sourceTree</key>
			<string>SDKROOT</string>
		</dict>
		<key>29C28481172AD77D0089E872</key>
		<dict>
			<key>fileRef</key>
			<string>29C28480172AD77D0089E872</string>
			<key>isa</key>
			<string>PBXBuildFile</string>
		</dict>
		<key>29C28485172B07C10089E872</key>
		<dict>
			<key>fileEncoding</key>
			<string>4</string>
			<key>isa</key>
			<string>PBXFileReference</string>
			<key>lastKnownFileType</key>
			<string>sourcecode.c.h</string>
			<key>path</key>
			<string>MMExampleCenterTableViewController.h</string>
			<key>sourceTree</key>
			<string>&lt;group&gt;</string>
		</dict>
		<key>29C28486172B07C10089E872</key>
		<dict>
			<key>fileEncoding</key>
			<string>4</string>
			<key>isa</key>
			<string>PBXFileReference</string>
			<key>lastKnownFileType</key>
			<string>sourcecode.c.objc</string>
			<key>path</key>
			<string>MMExampleCenterTableViewController.m</string>
			<key>sourceTree</key>
			<string>&lt;group&gt;</string>
		</dict>
		<key>29C28487172B07C10089E872</key>
		<dict>
			<key>fileRef</key>
			<string>29C28486172B07C10089E872</string>
			<key>isa</key>
			<string>PBXBuildFile</string>
		</dict>
		<key>29C2848B172EB1710089E872</key>
		<dict>
			<key>fileEncoding</key>
			<string>4</string>
			<key>isa</key>
			<string>PBXFileReference</string>
			<key>lastKnownFileType</key>
			<string>sourcecode.c.h</string>
			<key>path</key>
			<string>MMExampleSideDrawerViewController.h</string>
			<key>sourceTree</key>
			<string>&lt;group&gt;</string>
		</dict>
		<key>29C2848C172EB1710089E872</key>
		<dict>
			<key>fileEncoding</key>
			<string>4</string>
			<key>isa</key>
			<string>PBXFileReference</string>
			<key>lastKnownFileType</key>
			<string>sourcecode.c.objc</string>
			<key>path</key>
			<string>MMExampleSideDrawerViewController.m</string>
			<key>sourceTree</key>
			<string>&lt;group&gt;</string>
		</dict>
		<key>29C2848D172EB1710089E872</key>
		<dict>
			<key>fileRef</key>
			<string>29C2848C172EB1710089E872</string>
			<key>isa</key>
			<string>PBXBuildFile</string>
		</dict>
		<key>29CFD5ED1731C7DB00E1FABB</key>
		<dict>
			<key>fileEncoding</key>
			<string>4</string>
			<key>isa</key>
			<string>PBXFileReference</string>
			<key>lastKnownFileType</key>
			<string>sourcecode.c.h</string>
			<key>path</key>
			<string>MMExampleDrawerVisualStateManager.h</string>
			<key>sourceTree</key>
			<string>&lt;group&gt;</string>
		</dict>
		<key>29CFD5EE1731C7DB00E1FABB</key>
		<dict>
			<key>fileEncoding</key>
			<string>4</string>
			<key>isa</key>
			<string>PBXFileReference</string>
			<key>lastKnownFileType</key>
			<string>sourcecode.c.objc</string>
			<key>path</key>
			<string>MMExampleDrawerVisualStateManager.m</string>
			<key>sourceTree</key>
			<string>&lt;group&gt;</string>
		</dict>
		<key>29CFD5EF1731C7DB00E1FABB</key>
		<dict>
			<key>fileRef</key>
			<string>29CFD5EE1731C7DB00E1FABB</string>
			<key>isa</key>
			<string>PBXBuildFile</string>
		</dict>
		<key>29E2C6131738A10F00606309</key>
		<dict>
			<key>children</key>
			<array>
				<string>29E2C6141738A10F00606309</string>
				<string>29E2C6151738A10F00606309</string>
				<string>29E2C6161738A10F00606309</string>
				<string>29E2C6171738A10F00606309</string>
			</array>
			<key>isa</key>
			<string>PBXGroup</string>
			<key>path</key>
			<string>Icons</string>
			<key>sourceTree</key>
			<string>SOURCE_ROOT</string>
		</dict>
		<key>29E2C6141738A10F00606309</key>
		<dict>
			<key>isa</key>
			<string>PBXFileReference</string>
			<key>lastKnownFileType</key>
			<string>image.png</string>
			<key>path</key>
			<string>Icon-72.png</string>
			<key>sourceTree</key>
			<string>&lt;group&gt;</string>
		</dict>
		<key>29E2C6151738A10F00606309</key>
		<dict>
			<key>isa</key>
			<string>PBXFileReference</string>
			<key>lastKnownFileType</key>
			<string>image.png</string>
			<key>path</key>
			<string>Icon-72@2x.png</string>
			<key>sourceTree</key>
			<string>&lt;group&gt;</string>
		</dict>
		<key>29E2C6161738A10F00606309</key>
		<dict>
			<key>isa</key>
			<string>PBXFileReference</string>
			<key>lastKnownFileType</key>
			<string>image.png</string>
			<key>path</key>
			<string>Icon.png</string>
			<key>sourceTree</key>
			<string>&lt;group&gt;</string>
		</dict>
		<key>29E2C6171738A10F00606309</key>
		<dict>
			<key>isa</key>
			<string>PBXFileReference</string>
			<key>lastKnownFileType</key>
			<string>image.png</string>
			<key>path</key>
			<string>Icon@2x.png</string>
			<key>sourceTree</key>
			<string>&lt;group&gt;</string>
		</dict>
		<key>29E2C6181738A10F00606309</key>
		<dict>
			<key>fileRef</key>
			<string>29E2C6141738A10F00606309</string>
			<key>isa</key>
			<string>PBXBuildFile</string>
		</dict>
		<key>29E2C6191738A10F00606309</key>
		<dict>
			<key>fileRef</key>
			<string>29E2C6151738A10F00606309</string>
			<key>isa</key>
			<string>PBXBuildFile</string>
		</dict>
		<key>29E2C61A1738A10F00606309</key>
		<dict>
			<key>fileRef</key>
			<string>29E2C6161738A10F00606309</string>
			<key>isa</key>
			<string>PBXBuildFile</string>
		</dict>
		<key>29E2C61B1738A10F00606309</key>
		<dict>
			<key>fileRef</key>
			<string>29E2C6171738A10F00606309</string>
			<key>isa</key>
			<string>PBXBuildFile</string>
		</dict>
		<key>345118D7F30C4717A11CF845</key>
		<dict>
			<key>fileRef</key>
			<string>E0C2F44CFCDB4CC8A34EB2B5</string>
			<key>isa</key>
			<string>PBXBuildFile</string>
		</dict>
		<key>71D1437E2927458FB8915823</key>
		<dict>
			<key>buildActionMask</key>
			<string>2147483647</string>
			<key>files</key>
			<array/>
			<key>inputPaths</key>
			<array/>
			<key>isa</key>
			<string>PBXShellScriptBuildPhase</string>
			<key>name</key>
			<string>Copy Pods Resources</string>
			<key>outputPaths</key>
			<array/>
			<key>runOnlyForDeploymentPostprocessing</key>
			<string>0</string>
			<key>shellPath</key>
			<string>/bin/sh</string>
			<key>shellScript</key>
			<string>"${SRCROOT}/Pods/Pods-resources.sh"
</string>
			<key>showEnvVarsInLog</key>
			<string>0</string>
		</dict>
		<key>C5183945175538D2008CEC62</key>
		<dict>
			<key>children</key>
			<array>
				<string>C5183946175538D2008CEC62</string>
			</array>
			<key>isa</key>
			<string>PBXVariantGroup</string>
			<key>name</key>
			<string>MainStoryboard_iPhone.storyboard</string>
			<key>sourceTree</key>
			<string>&lt;group&gt;</string>
		</dict>
		<key>C5183946175538D2008CEC62</key>
		<dict>
			<key>isa</key>
			<string>PBXFileReference</string>
			<key>lastKnownFileType</key>
			<string>file.storyboard</string>
			<key>name</key>
			<string>en</string>
			<key>path</key>
			<string>en.lproj/MainStoryboard_iPhone.storyboard</string>
			<key>sourceTree</key>
			<string>&lt;group&gt;</string>
		</dict>
		<key>C5183948175538D2008CEC62</key>
		<dict>
			<key>fileRef</key>
			<string>C5183945175538D2008CEC62</string>
			<key>isa</key>
			<string>PBXBuildFile</string>
		</dict>
		<key>C53C8CFA1755458000025065</key>
		<dict>
			<key>children</key>
			<array>
				<string>C53C8CFB1755458000025065</string>
			</array>
			<key>isa</key>
			<string>PBXVariantGroup</string>
			<key>name</key>
			<string>MainStoryboard_iPad.storyboard</string>
			<key>sourceTree</key>
			<string>&lt;group&gt;</string>
		</dict>
		<key>C53C8CFB1755458000025065</key>
		<dict>
			<key>isa</key>
			<string>PBXFileReference</string>
			<key>lastKnownFileType</key>
			<string>file.storyboard</string>
			<key>name</key>
			<string>en</string>
			<key>path</key>
			<string>en.lproj/MainStoryboard_iPad.storyboard</string>
			<key>sourceTree</key>
			<string>&lt;group&gt;</string>
		</dict>
		<key>C53C8CFC1755458000025065</key>
		<dict>
			<key>fileRef</key>
			<string>C53C8CFA1755458000025065</string>
			<key>isa</key>
			<string>PBXBuildFile</string>
		</dict>
		<key>C542E62A17BBF95000E856A0</key>
		<dict>
			<key>fileEncoding</key>
			<string>4</string>
			<key>isa</key>
			<string>PBXFileReference</string>
			<key>lastKnownFileType</key>
			<string>text</string>
			<key>path</key>
			<string>Podfile</string>
			<key>sourceTree</key>
			<string>&lt;group&gt;</string>
		</dict>
		<key>C542E62B17BBF95000E856A0</key>
		<dict>
			<key>fileRef</key>
			<string>C542E62A17BBF95000E856A0</string>
			<key>isa</key>
			<string>PBXBuildFile</string>
		</dict>
		<key>C813C6F26E374140B25E4B52</key>
		<dict>
			<key>includeInIndex</key>
			<string>1</string>
			<key>isa</key>
			<string>PBXFileReference</string>
			<key>lastKnownFileType</key>
			<string>text.xcconfig</string>
			<key>name</key>
			<string>Pods.xcconfig</string>
			<key>path</key>
			<string>Pods/Pods.xcconfig</string>
			<key>sourceTree</key>
			<string>SOURCE_ROOT</string>
		</dict>
		<key>E0C2F44CFCDB4CC8A34EB2B5</key>
		<dict>
			<key>explicitFileType</key>
			<string>archive.ar</string>
			<key>includeInIndex</key>
			<string>0</string>
			<key>isa</key>
			<string>PBXFileReference</string>
			<key>path</key>
			<string>libPods.a</string>
			<key>sourceTree</key>
			<string>BUILT_PRODUCTS_DIR</string>
		</dict>
		<key>FA8ABC1A9DBB436E86CECEE3</key>
		<dict>
			<key>buildActionMask</key>
			<string>2147483647</string>
			<key>files</key>
			<array/>
			<key>inputPaths</key>
			<array/>
			<key>isa</key>
			<string>PBXShellScriptBuildPhase</string>
			<key>name</key>
			<string>Check Pods Manifest.lock</string>
			<key>outputPaths</key>
			<array/>
			<key>runOnlyForDeploymentPostprocessing</key>
			<string>0</string>
			<key>shellPath</key>
			<string>/bin/sh</string>
			<key>shellScript</key>
			<string>diff "${PODS_ROOT}/../Podfile.lock" "${PODS_ROOT}/Manifest.lock" &gt; /dev/null
if [[ $? != 0 ]] ; then
    cat &lt;&lt; EOM
error: The sandbox is not in sync with the Podfile.lock. Run 'pod install' or update your CocoaPods installation.
EOM
    exit 1
fi
</string>
			<key>showEnvVarsInLog</key>
			<string>0</string>
		</dict>
	</dict>
	<key>rootObject</key>
	<string>294A1D0517199537005BF6B1</string>
</dict>
</plist>
